<Solution>
  <Project Path="LegalManager.Application/LegalManager.Application.csproj" />
  <Project Path="LegalManager.Domain/LegalManager.Domain.csproj" />
  <Project Path="LegalManager.Infrastructure/LegalManager.Infrastructure.csproj" />
  <Project Path="LegalManager.Presentation/LegalManager.Presentation.csproj" />
</Solution>